
Microsoft Visual Studio Solution File, Format Version 12.00
# Visual Studio 2013
VisualStudioVersion = 12.0.30723.0
MinimumVisualStudioVersion = 10.0.40219.1
Project("{FAE04EC0-301F-11D3-BF4B-00C04F79EFBC}") = "ms_tech", "ms_tech\ms_tech.csproj", "{FAAF7CBA-803F-4D58-B49D-D4DE747B7943}"
EndProject
Global
	GlobalSection(SolutionConfigurationPlatforms) = preSolution
		Debug|Any CPU = Debug|Any CPU
		Release|Any CPU = Release|Any CPU
	EndGlobalSection
	GlobalSection(ProjectConfigurationPlatforms) = postSolution
		{FAAF7CBA-803F-4D58-B49D-D4DE747B7943}.Debug|Any CPU.ActiveCfg = Debug|Any CPU
		{FAAF7CBA-803F-4D58-B49D-D4DE747B7943}.Debug|Any CPU.Build.0 = Debug|Any CPU
		{FAAF7CBA-803F-4D58-B49D-D4DE747B7943}.Release|Any CPU.ActiveCfg = Release|Any CPU
		{FAAF7CBA-803F-4D58-B49D-D4DE747B7943}.Release|Any CPU.Build.0 = Release|Any CPU
	EndGlobalSection
	GlobalSection(SolutionProperties) = preSolution
		HideSolutionNode = FALSE
	EndGlobalSection
EndGlobal
